// !$*UTF8*$!
{
	archiveVersion = 1;
	classes = {
	};
	objectVersion = 50;
	objects = {

/* Begin PBXBuildFile section */
		CB26537520B4AC0200B3F51F /* AppDelegate.swift in Sources */ = {isa = PBXBuildFile; fileRef = CB26537420B4AC0200B3F51F /* AppDelegate.swift */; };
		CB26537720B4AC0200B3F51F /* TodoListViewController.swift in Sources */ = {isa = PBXBuildFile; fileRef = CB26537620B4AC0200B3F51F /* TodoListViewController.swift */; };
		CB26537A20B4AC0200B3F51F /* Main.storyboard in Resources */ = {isa = PBXBuildFile; fileRef = CB26537820B4AC0200B3F51F /* Main.storyboard */; };
		CB26537C20B4AC0400B3F51F /* Assets.xcassets in Resources */ = {isa = PBXBuildFile; fileRef = CB26537B20B4AC0400B3F51F /* Assets.xcassets */; };
		CB26537F20B4AC0400B3F51F /* LaunchScreen.storyboard in Resources */ = {isa = PBXBuildFile; fileRef = CB26537D20B4AC0400B3F51F /* LaunchScreen.storyboard */; };
		CB26538720B5E31D00B3F51F /* ItemsDataModel.swift in Sources */ = {isa = PBXBuildFile; fileRef = CB26538620B5E31D00B3F51F /* ItemsDataModel.swift */; };
/* End PBXBuildFile section */

/* Begin PBXFileReference section */
		CB26537120B4AC0000B3F51F /* Todoey.app */ = {isa = PBXFileReference; explicitFileType = wrapper.application; includeInIndex = 0; path = Todoey.app; sourceTree = BUILT_PRODUCTS_DIR; };
		CB26537420B4AC0200B3F51F /* AppDelegate.swift */ = {isa = PBXFileReference; lastKnownFileType = sourcecode.swift; path = AppDelegate.swift; sourceTree = "<group>"; };
		CB26537620B4AC0200B3F51F /* TodoListViewController.swift */ = {isa = PBXFileReference; lastKnownFileType = sourcecode.swift; path = TodoListViewController.swift; sourceTree = "<group>"; };
		CB26537920B4AC0200B3F51F /* Base */ = {isa = PBXFileReference; lastKnownFileType = file.storyboard; name = Base; path = Base.lproj/Main.storyboard; sourceTree = "<group>"; };
		CB26537B20B4AC0400B3F51F /* Assets.xcassets */ = {isa = PBXFileReference; lastKnownFileType = folder.assetcatalog; path = Assets.xcassets; sourceTree = "<group>"; };
		CB26537E20B4AC0400B3F51F /* Base */ = {isa = PBXFileReference; lastKnownFileType = file.storyboard; name = Base; path = Base.lproj/LaunchScreen.storyboard; sourceTree = "<group>"; };
		CB26538020B4AC0500B3F51F /* Info.plist */ = {isa = PBXFileReference; lastKnownFileType = text.plist.xml; path = Info.plist; sourceTree = "<group>"; };
		CB26538620B5E31D00B3F51F /* ItemsDataModel.swift */ = {isa = PBXFileReference; lastKnownFileType = sourcecode.swift; path = ItemsDataModel.swift; sourceTree = "<group>"; };
/* End PBXFileReference section */

/* Begin PBXFrameworksBuildPhase section */
		CB26536E20B4AC0000B3F51F /* Frameworks */ = {
			isa = PBXFrameworksBuildPhase;
			buildActionMask = 2147483647;
			files = (
			);
			runOnlyForDeploymentPostprocessing = 0;
		};
/* End PBXFrameworksBuildPhase section */

/* Begin PBXGroup section */
		CB26536820B4ABFE00B3F51F = {
			isa = PBXGroup;
			children = (
				CB26537320B4AC0000B3F51F /* Todoey */,
				CB26537220B4AC0000B3F51F /* Products */,
			);
			sourceTree = "<group>";
		};
		CB26537220B4AC0000B3F51F /* Products */ = {
			isa = PBXGroup;
			children = (
				CB26537120B4AC0000B3F51F /* Todoey.app */,
			);
			name = Products;
			sourceTree = "<group>";
		};
		CB26537320B4AC0000B3F51F /* Todoey */ = {
			isa = PBXGroup;
			children = (
				CB26537420B4AC0200B3F51F /* AppDelegate.swift */,
				CB26538920B5E39D00B3F51F /* Controlers */,
				CB26538820B5E38600B3F51F /* DataModel */,
				CB26538A20B5E3A700B3F51F /* Views */,
				CB26538B20B5E3C200B3F51F /* Supporting Files */,
				CB26538020B4AC0500B3F51F /* Info.plist */,
			);
			path = Todoey;
			sourceTree = "<group>";
		};
		CB26538820B5E38600B3F51F /* DataModel */ = {
			isa = PBXGroup;
			children = (
				CB26538620B5E31D00B3F51F /* ItemsDataModel.swift */,
			);
			path = DataModel;
			sourceTree = "<group>";
		};
		CB26538920B5E39D00B3F51F /* Controlers */ = {
			isa = PBXGroup;
			children = (
				CB26537620B4AC0200B3F51F /* TodoListViewController.swift */,
			);
			path = Controlers;
			sourceTree = "<group>";
		};
		CB26538A20B5E3A700B3F51F /* Views */ = {
			isa = PBXGroup;
			children = (
				CB26537820B4AC0200B3F51F /* Main.storyboard */,
			);
			path = Views;
			sourceTree = "<group>";
		};
		CB26538B20B5E3C200B3F51F /* Supporting Files */ = {
			isa = PBXGroup;
			children = (
				CB26537B20B4AC0400B3F51F /* Assets.xcassets */,
				CB26537D20B4AC0400B3F51F /* LaunchScreen.storyboard */,
			);
			path = "Supporting Files";
			sourceTree = "<group>";
		};
/* End PBXGroup section */

/* Begin PBXNativeTarget section */
		CB26537020B4AC0000B3F51F /* Todoey */ = {
			isa = PBXNativeTarget;
			buildConfigurationList = CB26538320B4AC0500B3F51F /* Build configuration list for PBXNativeTarget "Todoey" */;
			buildPhases = (
				CB26536D20B4AC0000B3F51F /* Sources */,
				CB26536E20B4AC0000B3F51F /* Frameworks */,
				CB26536F20B4AC0000B3F51F /* Resources */,
			);
			buildRules = (
			);
			dependencies = (
			);
			name = Todoey;
			productName = Todoey;
			productReference = CB26537120B4AC0000B3F51F /* Todoey.app */;
			productType = "com.apple.product-type.application";
		};
/* End PBXNativeTarget section */

/* Begin PBXProject section */
		CB26536920B4ABFE00B3F51F /* Project object */ = {
			isa = PBXProject;
			attributes = {
				LastSwiftUpdateCheck = 0940;
				LastUpgradeCheck = 0940;
				ORGANIZATIONNAME = "Tim Hoffman";
				TargetAttributes = {
					CB26537020B4AC0000B3F51F = {
						CreatedOnToolsVersion = 9.4;
					};
				};
			};
			buildConfigurationList = CB26536C20B4ABFE00B3F51F /* Build configuration list for PBXProject "Todoey" */;
			compatibilityVersion = "Xcode 9.3";
			developmentRegion = en;
			hasScannedForEncodings = 0;
			knownRegions = (
				en,
				Base,
			);
			mainGroup = CB26536820B4ABFE00B3F51F;
			productRefGroup = CB26537220B4AC0000B3F51F /* Products */;
			projectDirPath = "";
			projectRoot = "";
			targets = (
				CB26537020B4AC0000B3F51F /* Todoey */,
			);
		};
/* End PBXProject section */

/* Begin PBXResourcesBuildPhase section */
		CB26536F20B4AC0000B3F51F /* Resources */ = {
			isa = PBXResourcesBuildPhase;
			buildActionMask = 2147483647;
			files = (
				CB26537F20B4AC0400B3F51F /* LaunchScreen.storyboard in Resources */,
				CB26537C20B4AC0400B3F51F /* Assets.xcassets in Resources */,
				CB26537A20B4AC0200B3F51F /* Main.storyboard in Resources */,
			);
			runOnlyForDeploymentPostprocessing = 0;
		};
/* End PBXResourcesBuildPhase section */

/* Begin PBXSourcesBuildPhase section */
		CB26536D20B4AC0000B3F51F /* Sources */ = {
			isa = PBXSourcesBuildPhase;
			buildActionMask = 2147483647;
			files = (
				CB26537720B4AC0200B3F51F /* TodoListViewController.swift in Sources */,
				CB26538720B5E31D00B3F51F /* ItemsDataModel.swift in Sources */,
				CB26537520B4AC0200B3F51F /* AppDelegate.swift in Sources */,
			);
			runOnlyForDeploymentPostprocessing = 0;
		};
/* End PBXSourcesBuildPhase section */

/* Begin PBXVariantGroup section */
		CB26537820B4AC0200B3F51F /* Main.storyboard */ = {
			isa = PBXVariantGroup;
			children = (
				CB26537920B4AC0200B3F51F /* Base */,
			);
			name = Main.storyboard;
			sourceTree = "<group>";
		};
		CB26537D20B4AC0400B3F51F /* LaunchScreen.storyboard */ = {
			isa = PBXVariantGroup;
			children = (
				CB26537E20B4AC0400B3F51F /* Base */,
			);
			name = LaunchScreen.storyboard;
			sourceTree = "<group>";
		};
/* End PBXVariantGroup section */

/* Begin XCBuildConfiguration section */
		CB26538120B4AC0500B3F51F /* Debug */ = {
			isa = XCBuildConfiguration;
			buildSettings = {
				ALWAYS_SEARCH_USER_PATHS = NO;
				CLANG_ANALYZER_NONNULL = YES;
				CLANG_ANALYZER_NUMBER_OBJECT_CONVERSION = YES_AGGRESSIVE;
				CLANG_CXX_LANGUAGE_STANDARD = "gnu++14";
				CLANG_CXX_LIBRARY = "libc++";
				CLANG_ENABLE_MODULES = YES;
				CLANG_ENABLE_OBJC_ARC = YES;
				CLANG_ENABLE_OBJC_WEAK = YES;
				CLANG_WARN_BLOCK_CAPTURE_AUTORELEASING = YES;
				CLANG_WARN_BOOL_CONVERSION = YES;
				CLANG_WARN_COMMA = YES;
				CLANG_WARN_CONSTANT_CONVERSION = YES;
				CLANG_WARN_DEPRECATED_OBJC_IMPLEMENTATIONS = YES;
				CLANG_WARN_DIRECT_OBJC_ISA_USAGE = YES_ERROR;
				CLANG_WARN_DOCUMENTATION_COMMENTS = YES;
				CLANG_WARN_EMPTY_BODY = YES;
				CLANG_WARN_ENUM_CONVERSION = YES;
				CLANG_WARN_INFINITE_RECURSION = YES;
				CLANG_WARN_INT_CONVERSION = YES;
				CLANG_WARN_NON_LITERAL_NULL_CONVERSION = YES;
				CLANG_WARN_OBJC_IMPLICIT_RETAIN_SELF = YES;
				CLANG_WARN_OBJC_LITERAL_CONVERSION = YES;
				CLANG_WARN_OBJC_ROOT_CLASS = YES_ERROR;
				CLANG_WARN_RANGE_LOOP_ANALYSIS = YES;
				CLANG_WARN_STRICT_PROTOTYPES = YES;
				CLANG_WARN_SUSPICIOUS_MOVE = YES;
				CLANG_WARN_UNGUARDED_AVAILABILITY = YES_AGGRESSIVE;
				CLANG_WARN_UNREACHABLE_CODE = YES;
				CLANG_WARN__DUPLICATE_METHOD_MATCH = YES;
				CODE_SIGN_IDENTITY = "iPhone Developer";
				COPY_PHASE_STRIP = NO;
				DEBUG_INFORMATION_FORMAT = dwarf;
				ENABLE_STRICT_OBJC_MSGSEND = YES;
				ENABLE_TESTABILITY = YES;
				GCC_C_LANGUAGE_STANDARD = gnu11;
				GCC_DYNAMIC_NO_PIC = NO;
				GCC_NO_COMMON_BLOCKS = YES;
				GCC_OPTIMIZATION_LEVEL = 0;
				GCC_PREPROCESSOR_DEFINITIONS = (
					"DEBUG=1",
					"$(inherited)",
				);
				GCC_WARN_64_TO_32_BIT_CONVERSION = YES;
				GCC_WARN_ABOUT_RETURN_TYPE = YES_ERROR;
				GCC_WARN_UNDECLARED_SELECTOR = YES;
				GCC_WARN_UNINITIALIZED_AUTOS = YES_AGGRESSIVE;
				GCC_WARN_UNUSED_FUNCTION = YES;
				GCC_WARN_UNUSED_VARIABLE = YES;
				IPHONEOS_DEPLOYMENT_TARGET = 11.4;
				MTL_ENABLE_DEBUG_INFO = YES;
				ONLY_ACTIVE_ARCH = YES;
				SDKROOT = iphoneos;
				SWIFT_ACTIVE_COMPILATION_CONDITIONS = DEBUG;
				SWIFT_OPTIMIZATION_LEVEL = "-Onone";
			};
			name = Debug;
		};
		CB26538220B4AC0500B3F51F /* Release */ = {
			isa = XCBuildConfiguration;
			buildSettings = {
				ALWAYS_SEARCH_USER_PATHS = NO;
				CLANG_ANALYZER_NONNULL = YES;
				CLANG_ANALYZER_NUMBER_OBJECT_CONVERSION = YES_AGGRESSIVE;
				CLANG_CXX_LANGUAGE_STANDARD = "gnu++14";
				CLANG_CXX_LIBRARY = "libc++";
				CLANG_ENABLE_MODULES = YES;
				CLANG_ENABLE_OBJC_ARC = YES;
				CLANG_ENABLE_OBJC_WEAK = YES;
				CLANG_WARN_BLOCK_CAPTURE_AUTORELEASING = YES;
				CLANG_WARN_BOOL_CONVERSION = YES;
				CLANG_WARN_COMMA = YES;
				CLANG_WARN_CONSTANT_CONVERSION = YES;
				CLANG_WARN_DEPRECATED_OBJC_IMPLEMENTATIONS = YES;
				CLANG_WARN_DIRECT_OBJC_ISA_USAGE = YES_ERROR;
				CLANG_WARN_DOCUMENTATION_COMMENTS = YES;
				CLANG_WARN_EMPTY_BODY = YES;
				CLANG_WARN_ENUM_CONVERSION = YES;
				CLANG_WARN_INFINITE_RECURSION = YES;
				CLANG_WARN_INT_CONVERSION = YES;
				CLANG_WARN_NON_LITERAL_NULL_CONVERSION = YES;
				CLANG_WARN_OBJC_IMPLICIT_RETAIN_SELF = YES;
				CLANG_WARN_OBJC_LITERAL_CONVERSION = YES;
				CLANG_WARN_OBJC_ROOT_CLASS = YES_ERROR;
				CLANG_WARN_RANGE_LOOP_ANALYSIS = YES;
				CLANG_WARN_STRICT_PROTOTYPES = YES;
				CLANG_WARN_SUSPICIOUS_MOVE = YES;
				CLANG_WARN_UNGUARDED_AVAILABILITY = YES_AGGRESSIVE;
				CLANG_WARN_UNREACHABLE_CODE = YES;
				CLANG_WARN__DUPLICATE_METHOD_MATCH = YES;
				CODE_SIGN_IDENTITY = "iPhone Developer";
				COPY_PHASE_STRIP = NO;
				DEBUG_INFORMATION_FORMAT = "dwarf-with-dsym";
				ENABLE_NS_ASSERTIONS = NO;
				ENABLE_STRICT_OBJC_MSGSEND = YES;
				GCC_C_LANGUAGE_STANDARD = gnu11;
				GCC_NO_COMMON_BLOCKS = YES;
				GCC_WARN_64_TO_32_BIT_CONVERSION = YES;
				GCC_WARN_ABOUT_RETURN_TYPE = YES_ERROR;
				GCC_WARN_UNDECLARED_SELECTOR = YES;
				GCC_WARN_UNINITIALIZED_AUTOS = YES_AGGRESSIVE;
				GCC_WARN_UNUSED_FUNCTION = YES;
				GCC_WARN_UNUSED_VARIABLE = YES;
				IPHONEOS_DEPLOYMENT_TARGET = 11.4;
				MTL_ENABLE_DEBUG_INFO = NO;
				SDKROOT = iphoneos;
				SWIFT_COMPILATION_MODE = wholemodule;
				SWIFT_OPTIMIZATION_LEVEL = "-O";
				VALIDATE_PRODUCT = YES;
			};
			name = Release;
		};
		CB26538420B4AC0500B3F51F /* Debug */ = {
			isa = XCBuildConfiguration;
			buildSettings = {
				ASSETCATALOG_COMPILER_APPICON_NAME = AppIcon;
				CODE_SIGN_STYLE = Automatic;
				DEVELOPMENT_TEAM = 5MP6WDJ83W;
				INFOPLIST_FILE = Todoey/Info.plist;
				LD_RUNPATH_SEARCH_PATHS = (
					"$(inherited)",
					"@executable_path/Frameworks",
				);
				PRODUCT_BUNDLE_IDENTIFIER = com.BetterPops.Todoey;
				PRODUCT_NAME = "$(TARGET_NAME)";
				SWIFT_VERSION = 4.0;
				TARGETED_DEVICE_FAMILY = "1,2";
			};
			name = Debug;
		};
		CB26538520B4AC0500B3F51F /* Release */ = {
			isa = XCBuildConfiguration;
			buildSettings = {
				ASSETCATALOG_COMPILER_APPICON_NAME = AppIcon;
				CODE_SIGN_STYLE = Automatic;
				DEVELOPMENT_TEAM = 5MP6WDJ83W;
				INFOPLIST_FILE = Todoey/Info.plist;
				LD_RUNPATH_SEARCH_PATHS = (
					"$(inherited)",
					"@executable_path/Frameworks",
				);
				PRODUCT_BUNDLE_IDENTIFIER = com.BetterPops.Todoey;
				PRODUCT_NAME = "$(TARGET_NAME)";
				SWIFT_VERSION = 4.0;
				TARGETED_DEVICE_FAMILY = "1,2";
			};
			name = Release;
		};
/* End XCBuildConfiguration section */

/* Begin XCConfigurationList section */
		CB26536C20B4ABFE00B3F51F /* Build configuration list for PBXProject "Todoey" */ = {
			isa = XCConfigurationList;
			buildConfigurations = (
				CB26538120B4AC0500B3F51F /* Debug */,
				CB26538220B4AC0500B3F51F /* Release */,
			);
			defaultConfigurationIsVisible = 0;
			defaultConfigurationName = Release;
		};
		CB26538320B4AC0500B3F51F /* Build configuration list for PBXNativeTarget "Todoey" */ = {
			isa = XCConfigurationList;
			buildConfigurations = (
				CB26538420B4AC0500B3F51F /* Debug */,
				CB26538520B4AC0500B3F51F /* Release */,
			);
			defaultConfigurationIsVisible = 0;
			defaultConfigurationName = Release;
		};
/* End XCConfigurationList section */
	};
	rootObject = CB26536920B4ABFE00B3F51F /* Project object */;
}
